
Microsoft Visual Studio Solution File, Format Version 12.00
# Visual Studio Version 17
VisualStudioVersion = 17.0.31903.59
MinimumVisualStudioVersion = 10.0.40219.1
Project("{FAE04EC0-301F-11D3-BF4B-00C04F79EFBC}") = "DevHabit.Api", "DevHabit.Api\DevHabit.Api.csproj", "{A10D9C81-27E6-4B1E-9822-0E8DC71AACFF}"
EndProject
Project("{2150E333-8FDC-42A3-9474-1A3956D46DE8}") = "src", "src", "{C61B7771-820B-4888-A40E-C9026D0DDD10}"
	ProjectSection(SolutionItems) = preProject
		Directory.build.props = Directory.build.props
	EndProjectSection
EndProject
Project("{2150E333-8FDC-42A3-9474-1A3956D46DE8}") = "Solution Items", "Solution Items", "{57833692-3274-4C85-B65D-4E264B939E71}"
	ProjectSection(SolutionItems) = preProject
		Directory.build.props = Directory.build.props
		Directory.packages.props = Directory.packages.props
		compose.yaml = compose.yaml
		compose.override.yml = compose.override.yml
	EndProjectSection
EndProject
Global
	GlobalSection(SolutionConfigurationPlatforms) = preSolution
		Debug|Any CPU = Debug|Any CPU
		Release|Any CPU = Release|Any CPU
	EndGlobalSection
	GlobalSection(SolutionProperties) = preSolution
		HideSolutionNode = FALSE
	EndGlobalSection
	GlobalSection(ProjectConfigurationPlatforms) = postSolution
		{A10D9C81-27E6-4B1E-9822-0E8DC71AACFF}.Debug|Any CPU.ActiveCfg = Debug|Any CPU
		{A10D9C81-27E6-4B1E-9822-0E8DC71AACFF}.Debug|Any CPU.Build.0 = Debug|Any CPU
		{A10D9C81-27E6-4B1E-9822-0E8DC71AACFF}.Release|Any CPU.ActiveCfg = Release|Any CPU
		{A10D9C81-27E6-4B1E-9822-0E8DC71AACFF}.Release|Any CPU.Build.0 = Release|Any CPU
	EndGlobalSection
	GlobalSection(NestedProjects) = preSolution
		{A10D9C81-27E6-4B1E-9822-0E8DC71AACFF} = {C61B7771-820B-4888-A40E-C9026D0DDD10}
	EndGlobalSection
EndGlobal
